// !$*UTF8*$!
{
	archiveVersion = 1;
	classes = {
	};
	objectVersion = 48;
	objects = {

/* Begin PBXBuildFile section */
		682E0E331FCF211700A1763C /* AppDelegate.swift in Sources */ = {isa = PBXBuildFile; fileRef = 682E0E321FCF211700A1763C /* AppDelegate.swift */; };
		682E0E351FCF211700A1763C /* ViewController.swift in Sources */ = {isa = PBXBuildFile; fileRef = 682E0E341FCF211700A1763C /* ViewController.swift */; };
		682E0E381FCF211700A1763C /* Main.storyboard in Resources */ = {isa = PBXBuildFile; fileRef = 682E0E361FCF211700A1763C /* Main.storyboard */; };
		682E0E3B1FCF211700A1763C /* WorkLogger.xcdatamodeld in Sources */ = {isa = PBXBuildFile; fileRef = 682E0E391FCF211700A1763C /* WorkLogger.xcdatamodeld */; };
		682E0E3D1FCF211700A1763C /* Assets.xcassets in Resources */ = {isa = PBXBuildFile; fileRef = 682E0E3C1FCF211700A1763C /* Assets.xcassets */; };
		682E0E401FCF211700A1763C /* LaunchScreen.storyboard in Resources */ = {isa = PBXBuildFile; fileRef = 682E0E3E1FCF211700A1763C /* LaunchScreen.storyboard */; };
/* End PBXBuildFile section */

/* Begin PBXFileReference section */
		682E0E2F1FCF211700A1763C /* WorkLogger.app */ = {isa = PBXFileReference; explicitFileType = wrapper.application; includeInIndex = 0; path = WorkLogger.app; sourceTree = BUILT_PRODUCTS_DIR; };
		682E0E321FCF211700A1763C /* AppDelegate.swift */ = {isa = PBXFileReference; lastKnownFileType = sourcecode.swift; path = AppDelegate.swift; sourceTree = "<group>"; };
		682E0E341FCF211700A1763C /* ViewController.swift */ = {isa = PBXFileReference; lastKnownFileType = sourcecode.swift; path = ViewController.swift; sourceTree = "<group>"; };
		682E0E371FCF211700A1763C /* Base */ = {isa = PBXFileReference; lastKnownFileType = file.storyboard; name = Base; path = Base.lproj/Main.storyboard; sourceTree = "<group>"; };
		682E0E3A1FCF211700A1763C /* WorkLogger.xcdatamodel */ = {isa = PBXFileReference; lastKnownFileType = wrapper.xcdatamodel; path = WorkLogger.xcdatamodel; sourceTree = "<group>"; };
		682E0E3C1FCF211700A1763C /* Assets.xcassets */ = {isa = PBXFileReference; lastKnownFileType = folder.assetcatalog; path = Assets.xcassets; sourceTree = "<group>"; };
		682E0E3F1FCF211700A1763C /* Base */ = {isa = PBXFileReference; lastKnownFileType = file.storyboard; name = Base; path = Base.lproj/LaunchScreen.storyboard; sourceTree = "<group>"; };
		682E0E411FCF211700A1763C /* Info.plist */ = {isa = PBXFileReference; lastKnownFileType = text.plist.xml; path = Info.plist; sourceTree = "<group>"; };
/* End PBXFileReference section */

/* Begin PBXFrameworksBuildPhase section */
		682E0E2C1FCF211700A1763C /* Frameworks */ = {
			isa = PBXFrameworksBuildPhase;
			buildActionMask = 2147483647;
			files = (
			);
			runOnlyForDeploymentPostprocessing = 0;
		};
/* End PBXFrameworksBuildPhase section */

/* Begin PBXGroup section */
		682E0E261FCF211700A1763C = {
			isa = PBXGroup;
			children = (
				682E0E311FCF211700A1763C /* WorkLogger */,
				682E0E301FCF211700A1763C /* Products */,
			);
			sourceTree = "<group>";
		};
		682E0E301FCF211700A1763C /* Products */ = {
			isa = PBXGroup;
			children = (
				682E0E2F1FCF211700A1763C /* WorkLogger.app */,
			);
			name = Products;
			sourceTree = "<group>";
		};
		682E0E311FCF211700A1763C /* WorkLogger */ = {
			isa = PBXGroup;
			children = (
				682E0E321FCF211700A1763C /* AppDelegate.swift */,
				682E0E341FCF211700A1763C /* ViewController.swift */,
				682E0E361FCF211700A1763C /* Main.storyboard */,
				682E0E3C1FCF211700A1763C /* Assets.xcassets */,
				682E0E3E1FCF211700A1763C /* LaunchScreen.storyboard */,
				682E0E411FCF211700A1763C /* Info.plist */,
				682E0E391FCF211700A1763C /* WorkLogger.xcdatamodeld */,
			);
			path = WorkLogger;
			sourceTree = "<group>";
		};
/* End PBXGroup section */

/* Begin PBXNativeTarget section */
		682E0E2E1FCF211700A1763C /* WorkLogger */ = {
			isa = PBXNativeTarget;
			buildConfigurationList = 682E0E441FCF211700A1763C /* Build configuration list for PBXNativeTarget "WorkLogger" */;
			buildPhases = (
				682E0E2B1FCF211700A1763C /* Sources */,
				682E0E2C1FCF211700A1763C /* Frameworks */,
				682E0E2D1FCF211700A1763C /* Resources */,
			);
			buildRules = (
			);
			dependencies = (
			);
			name = WorkLogger;
			productName = WorkLogger;
			productReference = 682E0E2F1FCF211700A1763C /* WorkLogger.app */;
			productType = "com.apple.product-type.application";
		};
/* End PBXNativeTarget section */

/* Begin PBXProject section */
		682E0E271FCF211700A1763C /* Project object */ = {
			isa = PBXProject;
			attributes = {
				LastSwiftUpdateCheck = 0910;
				LastUpgradeCheck = 0910;
				ORGANIZATIONNAME = MIRC;
				TargetAttributes = {
					682E0E2E1FCF211700A1763C = {
						CreatedOnToolsVersion = 9.1;
						ProvisioningStyle = Automatic;
					};
				};
			};
			buildConfigurationList = 682E0E2A1FCF211700A1763C /* Build configuration list for PBXProject "WorkLogger" */;
			compatibilityVersion = "Xcode 8.0";
			developmentRegion = en;
			hasScannedForEncodings = 0;
			knownRegions = (
				en,
				Base,
			);
			mainGroup = 682E0E261FCF211700A1763C;
			productRefGroup = 682E0E301FCF211700A1763C /* Products */;
			projectDirPath = "";
			projectRoot = "";
			targets = (
				682E0E2E1FCF211700A1763C /* WorkLogger */,
			);
		};
/* End PBXProject section */

/* Begin PBXResourcesBuildPhase section */
		682E0E2D1FCF211700A1763C /* Resources */ = {
			isa = PBXResourcesBuildPhase;
			buildActionMask = 2147483647;
			files = (
				682E0E401FCF211700A1763C /* LaunchScreen.storyboard in Resources */,
				682E0E3D1FCF211700A1763C /* Assets.xcassets in Resources */,
				682E0E381FCF211700A1763C /* Main.storyboard in Resources */,
			);
			runOnlyForDeploymentPostprocessing = 0;
		};
/* End PBXResourcesBuildPhase section */

/* Begin PBXSourcesBuildPhase section */
		682E0E2B1FCF211700A1763C /* Sources */ = {
			isa = PBXSourcesBuildPhase;
			buildActionMask = 2147483647;
			files = (
				682E0E351FCF211700A1763C /* ViewController.swift in Sources */,
				682E0E3B1FCF211700A1763C /* WorkLogger.xcdatamodeld in Sources */,
				682E0E331FCF211700A1763C /* AppDelegate.swift in Sources */,
			);
			runOnlyForDeploymentPostprocessing = 0;
		};
/* End PBXSourcesBuildPhase section */

/* Begin PBXVariantGroup section */
		682E0E361FCF211700A1763C /* Main.storyboard */ = {
			isa = PBXVariantGroup;
			children = (
				682E0E371FCF211700A1763C /* Base */,
			);
			name = Main.storyboard;
			sourceTree = "<group>";
		};
		682E0E3E1FCF211700A1763C /* LaunchScreen.storyboard */ = {
			isa = PBXVariantGroup;
			children = (
				682E0E3F1FCF211700A1763C /* Base */,
			);
			name = LaunchScreen.storyboard;
			sourceTree = "<group>";
		};
/* End PBXVariantGroup section */

/* Begin XCBuildConfiguration section */
		682E0E421FCF211700A1763C /* Debug */ = {
			isa = XCBuildConfiguration;
			buildSettings = {
				ALWAYS_SEARCH_USER_PATHS = NO;
				CLANG_ANALYZER_NONNULL = YES;
				CLANG_ANALYZER_NUMBER_OBJECT_CONVERSION = YES_AGGRESSIVE;
				CLANG_CXX_LANGUAGE_STANDARD = "gnu++14";
				CLANG_CXX_LIBRARY = "libc++";
				CLANG_ENABLE_MODULES = YES;
				CLANG_ENABLE_OBJC_ARC = YES;
				CLANG_WARN_BLOCK_CAPTURE_AUTORELEASING = YES;
				CLANG_WARN_BOOL_CONVERSION = YES;
				CLANG_WARN_COMMA = YES;
				CLANG_WARN_CONSTANT_CONVERSION = YES;
				CLANG_WARN_DIRECT_OBJC_ISA_USAGE = YES_ERROR;
				CLANG_WARN_DOCUMENTATION_COMMENTS = YES;
				CLANG_WARN_EMPTY_BODY = YES;
				CLANG_WARN_ENUM_CONVERSION = YES;
				CLANG_WARN_INFINITE_RECURSION = YES;
				CLANG_WARN_INT_CONVERSION = YES;
				CLANG_WARN_NON_LITERAL_NULL_CONVERSION = YES;
				CLANG_WARN_OBJC_LITERAL_CONVERSION = YES;
				CLANG_WARN_OBJC_ROOT_CLASS = YES_ERROR;
				CLANG_WARN_RANGE_LOOP_ANALYSIS = YES;
				CLANG_WARN_STRICT_PROTOTYPES = YES;
				CLANG_WARN_SUSPICIOUS_MOVE = YES;
				CLANG_WARN_UNGUARDED_AVAILABILITY = YES_AGGRESSIVE;
				CLANG_WARN_UNREACHABLE_CODE = YES;
				CLANG_WARN__DUPLICATE_METHOD_MATCH = YES;
				CODE_SIGN_IDENTITY = "iPhone Developer";
				COPY_PHASE_STRIP = NO;
				DEBUG_INFORMATION_FORMAT = dwarf;
				ENABLE_STRICT_OBJC_MSGSEND = YES;
				ENABLE_TESTABILITY = YES;
				GCC_C_LANGUAGE_STANDARD = gnu11;
				GCC_DYNAMIC_NO_PIC = NO;
				GCC_NO_COMMON_BLOCKS = YES;
				GCC_OPTIMIZATION_LEVEL = 0;
				GCC_PREPROCESSOR_DEFINITIONS = (
					"DEBUG=1",
					"$(inherited)",
				);
				GCC_WARN_64_TO_32_BIT_CONVERSION = YES;
				GCC_WARN_ABOUT_RETURN_TYPE = YES_ERROR;
				GCC_WARN_UNDECLARED_SELECTOR = YES;
				GCC_WARN_UNINITIALIZED_AUTOS = YES_AGGRESSIVE;
				GCC_WARN_UNUSED_FUNCTION = YES;
				GCC_WARN_UNUSED_VARIABLE = YES;
				IPHONEOS_DEPLOYMENT_TARGET = 11.1;
				MTL_ENABLE_DEBUG_INFO = YES;
				ONLY_ACTIVE_ARCH = YES;
				SDKROOT = iphoneos;
				SWIFT_ACTIVE_COMPILATION_CONDITIONS = DEBUG;
				SWIFT_OPTIMIZATION_LEVEL = "-Onone";
			};
			name = Debug;
		};
		682E0E431FCF211700A1763C /* Release */ = {
			isa = XCBuildConfiguration;
			buildSettings = {
				ALWAYS_SEARCH_USER_PATHS = NO;
				CLANG_ANALYZER_NONNULL = YES;
				CLANG_ANALYZER_NUMBER_OBJECT_CONVERSION = YES_AGGRESSIVE;
				CLANG_CXX_LANGUAGE_STANDARD = "gnu++14";
				CLANG_CXX_LIBRARY = "libc++";
				CLANG_ENABLE_MODULES = YES;
				CLANG_ENABLE_OBJC_ARC = YES;
				CLANG_WARN_BLOCK_CAPTURE_AUTORELEASING = YES;
				CLANG_WARN_BOOL_CONVERSION = YES;
				CLANG_WARN_COMMA = YES;
				CLANG_WARN_CONSTANT_CONVERSION = YES;
				CLANG_WARN_DIRECT_OBJC_ISA_USAGE = YES_ERROR;
				CLANG_WARN_DOCUMENTATION_COMMENTS = YES;
				CLANG_WARN_EMPTY_BODY = YES;
				CLANG_WARN_ENUM_CONVERSION = YES;
				CLANG_WARN_INFINITE_RECURSION = YES;
				CLANG_WARN_INT_CONVERSION = YES;
				CLANG_WARN_NON_LITERAL_NULL_CONVERSION = YES;
				CLANG_WARN_OBJC_LITERAL_CONVERSION = YES;
				CLANG_WARN_OBJC_ROOT_CLASS = YES_ERROR;
				CLANG_WARN_RANGE_LOOP_ANALYSIS = YES;
				CLANG_WARN_STRICT_PROTOTYPES = YES;
				CLANG_WARN_SUSPICIOUS_MOVE = YES;
				CLANG_WARN_UNGUARDED_AVAILABILITY = YES_AGGRESSIVE;
				CLANG_WARN_UNREACHABLE_CODE = YES;
				CLANG_WARN__DUPLICATE_METHOD_MATCH = YES;
				CODE_SIGN_IDENTITY = "iPhone Developer";
				COPY_PHASE_STRIP = NO;
				DEBUG_INFORMATION_FORMAT = "dwarf-with-dsym";
				ENABLE_NS_ASSERTIONS = NO;
				ENABLE_STRICT_OBJC_MSGSEND = YES;
				GCC_C_LANGUAGE_STANDARD = gnu11;
				GCC_NO_COMMON_BLOCKS = YES;
				GCC_WARN_64_TO_32_BIT_CONVERSION = YES;
				GCC_WARN_ABOUT_RETURN_TYPE = YES_ERROR;
				GCC_WARN_UNDECLARED_SELECTOR = YES;
				GCC_WARN_UNINITIALIZED_AUTOS = YES_AGGRESSIVE;
				GCC_WARN_UNUSED_FUNCTION = YES;
				GCC_WARN_UNUSED_VARIABLE = YES;
				IPHONEOS_DEPLOYMENT_TARGET = 11.1;
				MTL_ENABLE_DEBUG_INFO = NO;
				SDKROOT = iphoneos;
				SWIFT_OPTIMIZATION_LEVEL = "-Owholemodule";
				VALIDATE_PRODUCT = YES;
			};
			name = Release;
		};
		682E0E451FCF211700A1763C /* Debug */ = {
			isa = XCBuildConfiguration;
			buildSettings = {
				ASSETCATALOG_COMPILER_APPICON_NAME = AppIcon;
				CODE_SIGN_STYLE = Automatic;
				DEVELOPMENT_TEAM = F2B5QD97WH;
				INFOPLIST_FILE = WorkLogger/Info.plist;
				LD_RUNPATH_SEARCH_PATHS = "$(inherited) @executable_path/Frameworks";
				PRODUCT_BUNDLE_IDENTIFIER = com.Ray.WorkLogger;
				PRODUCT_NAME = "$(TARGET_NAME)";
				SWIFT_VERSION = 4.0;
				TARGETED_DEVICE_FAMILY = "1,2";
			};
			name = Debug;
		};
		682E0E461FCF211700A1763C /* Release */ = {
			isa = XCBuildConfiguration;
			buildSettings = {
				ASSETCATALOG_COMPILER_APPICON_NAME = AppIcon;
				CODE_SIGN_STYLE = Automatic;
				DEVELOPMENT_TEAM = F2B5QD97WH;
				INFOPLIST_FILE = WorkLogger/Info.plist;
				LD_RUNPATH_SEARCH_PATHS = "$(inherited) @executable_path/Frameworks";
				PRODUCT_BUNDLE_IDENTIFIER = com.Ray.WorkLogger;
				PRODUCT_NAME = "$(TARGET_NAME)";
				SWIFT_VERSION = 4.0;
				TARGETED_DEVICE_FAMILY = "1,2";
			};
			name = Release;
		};
/* End XCBuildConfiguration section */

/* Begin XCConfigurationList section */
		682E0E2A1FCF211700A1763C /* Build configuration list for PBXProject "WorkLogger" */ = {
			isa = XCConfigurationList;
			buildConfigurations = (
				682E0E421FCF211700A1763C /* Debug */,
				682E0E431FCF211700A1763C /* Release */,
			);
			defaultConfigurationIsVisible = 0;
			defaultConfigurationName = Release;
		};
		682E0E441FCF211700A1763C /* Build configuration list for PBXNativeTarget "WorkLogger" */ = {
			isa = XCConfigurationList;
			buildConfigurations = (
				682E0E451FCF211700A1763C /* Debug */,
				682E0E461FCF211700A1763C /* Release */,
			);
			defaultConfigurationIsVisible = 0;
			defaultConfigurationName = Release;
		};
/* End XCConfigurationList section */

/* Begin XCVersionGroup section */
		682E0E391FCF211700A1763C /* WorkLogger.xcdatamodeld */ = {
			isa = XCVersionGroup;
			children = (
				682E0E3A1FCF211700A1763C /* WorkLogger.xcdatamodel */,
			);
			currentVersion = 682E0E3A1FCF211700A1763C /* WorkLogger.xcdatamodel */;
			path = WorkLogger.xcdatamodeld;
			sourceTree = "<group>";
			versionGroupType = wrapper.xcdatamodel;
		};
/* End XCVersionGroup section */
	};
	rootObject = 682E0E271FCF211700A1763C /* Project object */;
}
